{"1.2.0",
[{<<"opentelemetry_api">>,{pkg,<<"opentelemetry_api">>,<<"1.0.0-rc.2">>},0}]}.
[
{pkg_hash,[
 {<<"opentelemetry_api">>, <<"A0EC5B242BB7CE7563B4891E77DCFA529DEFC9E42C19A5A702574C5AC3D0C6E7">>}]},
{pkg_hash_ext,[
 {<<"opentelemetry_api">>, <<"426A969C8EE2AFA8AB55B58E6E40E81C1F934C064459A1ACB530F54042F9A9A3">>}]}
].
